// !$*UTF8*$!
{
	archiveVersion = 1;
	classes = {
	};
	objectVersion = 77;
	objects = {

/* Begin PBXBuildFile section */
		21803EC42DCCE8CE00522CF4 /* Media.xcassets in Resources */ = {isa = PBXBuildFile; fileRef = 21803EC32DCCE8CE00522CF4 /* Media.xcassets */; };
		21BA840F2DD5C955000C2641 /* GRPCNIOTransportHTTP2 in Frameworks */ = {isa = PBXBuildFile; productRef = 21BA840E2DD5C955000C2641 /* GRPCNIOTransportHTTP2 */; };
		21BA84512DD5E276000C2641 /* TokenFile.appex in Embed Foundation Extensions */ = {isa = PBXBuildFile; fileRef = 21803EB52DCCDBFB00522CF4 /* TokenFile.appex */; settings = {ATTRIBUTES = (RemoveHeadersOnCopy, ); }; };
		21F175602DD483C100B03A75 /* README.md in Resources */ = {isa = PBXBuildFile; fileRef = 21F1755E2DD483C100B03A75 /* README.md */; };
		21F175642DD485BB00B03A75 /* SwiftProtobuf in Frameworks */ = {isa = PBXBuildFile; productRef = 21F175632DD485BB00B03A75 /* SwiftProtobuf */; };
		21F175662DD485BB00B03A75 /* SwiftProtobufPluginLibrary in Frameworks */ = {isa = PBXBuildFile; productRef = 21F175652DD485BB00B03A75 /* SwiftProtobufPluginLibrary */; };
		21F175682DD485BB00B03A75 /* protoc-gen-swift in Frameworks */ = {isa = PBXBuildFile; productRef = 21F175672DD485BB00B03A75 /* protoc-gen-swift */; };
		21F1756A2DD485C800B03A75 /* GRPCCodeGen in Frameworks */ = {isa = PBXBuildFile; productRef = 21F175692DD485C800B03A75 /* GRPCCodeGen */; };
		21F1756C2DD485C800B03A75 /* GRPCCore in Frameworks */ = {isa = PBXBuildFile; productRef = 21F1756B2DD485C800B03A75 /* GRPCCore */; };
		21F1756E2DD485C800B03A75 /* GRPCInProcessTransport in Frameworks */ = {isa = PBXBuildFile; productRef = 21F1756D2DD485C800B03A75 /* GRPCInProcessTransport */; };
		21F175DB2DD4AACD00B03A75 /* NIO in Frameworks */ = {isa = PBXBuildFile; productRef = 21F175DA2DD4AACD00B03A75 /* NIO */; };
		21F175DD2DD4AACD00B03A75 /* NIOConcurrencyHelpers in Frameworks */ = {isa = PBXBuildFile; productRef = 21F175DC2DD4AACD00B03A75 /* NIOConcurrencyHelpers */; };
		21F175DF2DD4AACD00B03A75 /* NIOCore in Frameworks */ = {isa = PBXBuildFile; productRef = 21F175DE2DD4AACD00B03A75 /* NIOCore */; };
		21F175E12DD4AACD00B03A75 /* NIOEmbedded in Frameworks */ = {isa = PBXBuildFile; productRef = 21F175E02DD4AACD00B03A75 /* NIOEmbedded */; };
		21F175E32DD4AACD00B03A75 /* NIOFoundationCompat in Frameworks */ = {isa = PBXBuildFile; productRef = 21F175E22DD4AACD00B03A75 /* NIOFoundationCompat */; };
		21FD902C2DD4FF2B00C9426B /* GRPCProtobuf in Frameworks */ = {isa = PBXBuildFile; productRef = 21FD902B2DD4FF2B00C9426B /* GRPCProtobuf */; };
		21FD902E2DD4FF2B00C9426B /* protoc-gen-grpc-swift in Frameworks */ = {isa = PBXBuildFile; productRef = 21FD902D2DD4FF2B00C9426B /* protoc-gen-grpc-swift */; };
		21FD903C2DD5BEA300C9426B /* grpc-swift-proto-generator-config.json in Resources */ = {isa = PBXBuildFile; fileRef = 21FD903B2DD5BEA300C9426B /* grpc-swift-proto-generator-config.json */; };
/* End PBXBuildFile section */

/* Begin PBXContainerItemProxy section */
		21BA84522DD5E276000C2641 /* PBXContainerItemProxy */ = {
			isa = PBXContainerItemProxy;
			containerPortal = 21803E7E2DCCDB2A00522CF4 /* Project object */;
			proxyType = 1;
			remoteGlobalIDString = 21803EB42DCCDBFB00522CF4;
			remoteInfo = TokenFile;
		};
		21BA84572DD5E287000C2641 /* PBXContainerItemProxy */ = {
			isa = PBXContainerItemProxy;
			containerPortal = 21803E7E2DCCDB2A00522CF4 /* Project object */;
			proxyType = 1;
			remoteGlobalIDString = 21803EB42DCCDBFB00522CF4;
			remoteInfo = TokenFile;
		};
/* End PBXContainerItemProxy section */

/* Begin PBXCopyFilesBuildPhase section */
		21BA84542DD5E277000C2641 /* Embed Foundation Extensions */ = {
			isa = PBXCopyFilesBuildPhase;
			buildActionMask = 2147483647;
			dstPath = "";
			dstSubfolderSpec = 13;
			files = (
				21BA84512DD5E276000C2641 /* TokenFile.appex in Embed Foundation Extensions */,
			);
			name = "Embed Foundation Extensions";
			runOnlyForDeploymentPostprocessing = 0;
		};
/* End PBXCopyFilesBuildPhase section */

/* Begin PBXFileReference section */
		21803EB52DCCDBFB00522CF4 /* TokenFile.appex */ = {isa = PBXFileReference; explicitFileType = "wrapper.app-extension"; includeInIndex = 0; path = TokenFile.appex; sourceTree = BUILT_PRODUCTS_DIR; };
		21803EC32DCCE8CE00522CF4 /* Media.xcassets */ = {isa = PBXFileReference; lastKnownFileType = folder.assetcatalog; path = Media.xcassets; sourceTree = "<group>"; };
		21BA84422DD5E25A000C2641 /* ContextMenuApp.app */ = {isa = PBXFileReference; explicitFileType = wrapper.application; includeInIndex = 0; path = ContextMenuApp.app; sourceTree = BUILT_PRODUCTS_DIR; };
		21F1755E2DD483C100B03A75 /* README.md */ = {isa = PBXFileReference; lastKnownFileType = net.daringfireball.markdown; path = README.md; sourceTree = "<group>"; };
		21FD903B2DD5BEA300C9426B /* grpc-swift-proto-generator-config.json */ = {isa = PBXFileReference; lastKnownFileType = text.json; path = "grpc-swift-proto-generator-config.json"; sourceTree = "<group>"; };
/* End PBXFileReference section */

/* Begin PBXFileSystemSynchronizedBuildFileExceptionSet section */
		21803EBE2DCCDBFB00522CF4 /* Exceptions for "TokenFile" folder in "TokenFile" target */ = {
			isa = PBXFileSystemSynchronizedBuildFileExceptionSet;
			membershipExceptions = (
				Info.plist,
			);
			target = 21803EB42DCCDBFB00522CF4 /* TokenFile */;
		};
/* End PBXFileSystemSynchronizedBuildFileExceptionSet section */

/* Begin PBXFileSystemSynchronizedRootGroup section */
		21803EB62DCCDBFB00522CF4 /* TokenFile */ = {
			isa = PBXFileSystemSynchronizedRootGroup;
			exceptions = (
				21803EBE2DCCDBFB00522CF4 /* Exceptions for "TokenFile" folder in "TokenFile" target */,
			);
			path = TokenFile;
			sourceTree = "<group>";
		};
		21BA84432DD5E25A000C2641 /* ContextMenuApp */ = {
			isa = PBXFileSystemSynchronizedRootGroup;
			path = ContextMenuApp;
			sourceTree = "<group>";
		};
		21F1756F2DD4864B00B03A75 /* Protos */ = {
			isa = PBXFileSystemSynchronizedRootGroup;
			path = Protos;
			sourceTree = "<group>";
		};
/* End PBXFileSystemSynchronizedRootGroup section */

/* Begin PBXFrameworksBuildPhase section */
		21803EB22DCCDBFB00522CF4 /* Frameworks */ = {
			isa = PBXFrameworksBuildPhase;
			buildActionMask = 2147483647;
			files = (
				21F1756A2DD485C800B03A75 /* GRPCCodeGen in Frameworks */,
				21F175DD2DD4AACD00B03A75 /* NIOConcurrencyHelpers in Frameworks */,
				21F175DB2DD4AACD00B03A75 /* NIO in Frameworks */,
				21F175DF2DD4AACD00B03A75 /* NIOCore in Frameworks */,
				21F175662DD485BB00B03A75 /* SwiftProtobufPluginLibrary in Frameworks */,
				21F1756C2DD485C800B03A75 /* GRPCCore in Frameworks */,
				21F175642DD485BB00B03A75 /* SwiftProtobuf in Frameworks */,
				21F175E32DD4AACD00B03A75 /* NIOFoundationCompat in Frameworks */,
				21F175682DD485BB00B03A75 /* protoc-gen-swift in Frameworks */,
				21FD902E2DD4FF2B00C9426B /* protoc-gen-grpc-swift in Frameworks */,
				21BA840F2DD5C955000C2641 /* GRPCNIOTransportHTTP2 in Frameworks */,
				21FD902C2DD4FF2B00C9426B /* GRPCProtobuf in Frameworks */,
				21F1756E2DD485C800B03A75 /* GRPCInProcessTransport in Frameworks */,
				21F175E12DD4AACD00B03A75 /* NIOEmbedded in Frameworks */,
			);
			runOnlyForDeploymentPostprocessing = 0;
		};
		21BA843F2DD5E25A000C2641 /* Frameworks */ = {
			isa = PBXFrameworksBuildPhase;
			buildActionMask = 2147483647;
			files = (
			);
			runOnlyForDeploymentPostprocessing = 0;
		};
/* End PBXFrameworksBuildPhase section */

/* Begin PBXGroup section */
		21803E7D2DCCDB2A00522CF4 = {
			isa = PBXGroup;
			children = (
				21FD903B2DD5BEA300C9426B /* grpc-swift-proto-generator-config.json */,
				21F1756F2DD4864B00B03A75 /* Protos */,
				21F1755E2DD483C100B03A75 /* README.md */,
				21803EC32DCCE8CE00522CF4 /* Media.xcassets */,
				21803EB62DCCDBFB00522CF4 /* TokenFile */,
				21BA84432DD5E25A000C2641 /* ContextMenuApp */,
				21BA84502DD5E276000C2641 /* Frameworks */,
				21803E872DCCDB2A00522CF4 /* Products */,
			);
			sourceTree = "<group>";
		};
		21803E872DCCDB2A00522CF4 /* Products */ = {
			isa = PBXGroup;
			children = (
				21803EB52DCCDBFB00522CF4 /* TokenFile.appex */,
				21BA84422DD5E25A000C2641 /* ContextMenuApp.app */,
			);
			name = Products;
			sourceTree = "<group>";
		};
		21BA84502DD5E276000C2641 /* Frameworks */ = {
			isa = PBXGroup;
			children = (
			);
			name = Frameworks;
			sourceTree = "<group>";
		};
/* End PBXGroup section */

/* Begin PBXNativeTarget section */
		21803EB42DCCDBFB00522CF4 /* TokenFile */ = {
			isa = PBXNativeTarget;
			buildConfigurationList = 21803EBF2DCCDBFB00522CF4 /* Build configuration list for PBXNativeTarget "TokenFile" */;
			buildPhases = (
				21803EB12DCCDBFB00522CF4 /* Sources */,
				21803EB22DCCDBFB00522CF4 /* Frameworks */,
				21803EB32DCCDBFB00522CF4 /* Resources */,
			);
			buildRules = (
			);
			dependencies = (
				21BA849C2DD654A4000C2641 /* PBXTargetDependency */,
			);
			fileSystemSynchronizedGroups = (
				21803EB62DCCDBFB00522CF4 /* TokenFile */,
				21F1756F2DD4864B00B03A75 /* Protos */,
			);
			name = TokenFile;
			packageProductDependencies = (
				21F175632DD485BB00B03A75 /* SwiftProtobuf */,
				21F175652DD485BB00B03A75 /* SwiftProtobufPluginLibrary */,
				21F175672DD485BB00B03A75 /* protoc-gen-swift */,
				21F175692DD485C800B03A75 /* GRPCCodeGen */,
				21F1756B2DD485C800B03A75 /* GRPCCore */,
				21F1756D2DD485C800B03A75 /* GRPCInProcessTransport */,
				21F175DA2DD4AACD00B03A75 /* NIO */,
				21F175DC2DD4AACD00B03A75 /* NIOConcurrencyHelpers */,
				21F175DE2DD4AACD00B03A75 /* NIOCore */,
				21F175E02DD4AACD00B03A75 /* NIOEmbedded */,
				21F175E22DD4AACD00B03A75 /* NIOFoundationCompat */,
				21FD902B2DD4FF2B00C9426B /* GRPCProtobuf */,
				21FD902D2DD4FF2B00C9426B /* protoc-gen-grpc-swift */,
				21BA840E2DD5C955000C2641 /* GRPCNIOTransportHTTP2 */,
			);
			productName = TokenFile;
			productReference = 21803EB52DCCDBFB00522CF4 /* TokenFile.appex */;
			productType = "com.apple.product-type.app-extension";
		};
		21BA84412DD5E25A000C2641 /* ContextMenuApp */ = {
			isa = PBXNativeTarget;
			buildConfigurationList = 21BA844B2DD5E25B000C2641 /* Build configuration list for PBXNativeTarget "ContextMenuApp" */;
			buildPhases = (
				21BA843E2DD5E25A000C2641 /* Sources */,
				21BA843F2DD5E25A000C2641 /* Frameworks */,
				21BA84402DD5E25A000C2641 /* Resources */,
				21BA84542DD5E277000C2641 /* Embed Foundation Extensions */,
			);
			buildRules = (
			);
			dependencies = (
				21BA84532DD5E276000C2641 /* PBXTargetDependency */,
				21BA84582DD5E287000C2641 /* PBXTargetDependency */,
			);
			fileSystemSynchronizedGroups = (
				21BA84432DD5E25A000C2641 /* ContextMenuApp */,
			);
			name = ContextMenuApp;
			packageProductDependencies = (
			);
			productName = ContextMenuApp;
			productReference = 21BA84422DD5E25A000C2641 /* ContextMenuApp.app */;
			productType = "com.apple.product-type.application";
		};
/* End PBXNativeTarget section */

/* Begin PBXProject section */
		21803E7E2DCCDB2A00522CF4 /* Project object */ = {
			isa = PBXProject;
			attributes = {
				BuildIndependentTargetsInParallel = 1;
				LastSwiftUpdateCheck = 1630;
				LastUpgradeCheck = 1630;
				TargetAttributes = {
					21803EB42DCCDBFB00522CF4 = {
						CreatedOnToolsVersion = 16.3;
					};
					21BA84412DD5E25A000C2641 = {
						CreatedOnToolsVersion = 16.3;
					};
				};
			};
			buildConfigurationList = 21803E812DCCDB2A00522CF4 /* Build configuration list for PBXProject "contextmenu" */;
			developmentRegion = en;
			hasScannedForEncodings = 0;
			knownRegions = (
				en,
				Base,
			);
			mainGroup = 21803E7D2DCCDB2A00522CF4;
			minimizedProjectReferenceProxies = 1;
			packageReferences = (
				21F175612DD4857E00B03A75 /* XCRemoteSwiftPackageReference "grpc-swift" */,
				21F175622DD4858E00B03A75 /* XCRemoteSwiftPackageReference "swift-protobuf" */,
				21F175D92DD4AACD00B03A75 /* XCRemoteSwiftPackageReference "swift-nio" */,
				21FD902A2DD4FF2B00C9426B /* XCRemoteSwiftPackageReference "grpc-swift-protobuf" */,
				21BA840D2DD5C955000C2641 /* XCRemoteSwiftPackageReference "grpc-swift-nio-transport" */,
			);
			preferredProjectObjectVersion = 77;
			productRefGroup = 21803E872DCCDB2A00522CF4 /* Products */;
			projectDirPath = "";
			projectRoot = "";
			targets = (
				21803EB42DCCDBFB00522CF4 /* TokenFile */,
				21BA84412DD5E25A000C2641 /* ContextMenuApp */,
			);
		};
/* End PBXProject section */

/* Begin PBXResourcesBuildPhase section */
		21803EB32DCCDBFB00522CF4 /* Resources */ = {
			isa = PBXResourcesBuildPhase;
			buildActionMask = 2147483647;
			files = (
				21F175602DD483C100B03A75 /* README.md in Resources */,
				21803EC42DCCE8CE00522CF4 /* Media.xcassets in Resources */,
				21FD903C2DD5BEA300C9426B /* grpc-swift-proto-generator-config.json in Resources */,
			);
			runOnlyForDeploymentPostprocessing = 0;
		};
		21BA84402DD5E25A000C2641 /* Resources */ = {
			isa = PBXResourcesBuildPhase;
			buildActionMask = 2147483647;
			files = (
			);
			runOnlyForDeploymentPostprocessing = 0;
		};
/* End PBXResourcesBuildPhase section */

/* Begin PBXSourcesBuildPhase section */
		21803EB12DCCDBFB00522CF4 /* Sources */ = {
			isa = PBXSourcesBuildPhase;
			buildActionMask = 2147483647;
			files = (
			);
			runOnlyForDeploymentPostprocessing = 0;
		};
		21BA843E2DD5E25A000C2641 /* Sources */ = {
			isa = PBXSourcesBuildPhase;
			buildActionMask = 2147483647;
			files = (
			);
			runOnlyForDeploymentPostprocessing = 0;
		};
/* End PBXSourcesBuildPhase section */

/* Begin PBXTargetDependency section */
		21BA84532DD5E276000C2641 /* PBXTargetDependency */ = {
			isa = PBXTargetDependency;
			target = 21803EB42DCCDBFB00522CF4 /* TokenFile */;
			targetProxy = 21BA84522DD5E276000C2641 /* PBXContainerItemProxy */;
		};
		21BA84582DD5E287000C2641 /* PBXTargetDependency */ = {
			isa = PBXTargetDependency;
			target = 21803EB42DCCDBFB00522CF4 /* TokenFile */;
			targetProxy = 21BA84572DD5E287000C2641 /* PBXContainerItemProxy */;
		};
		21BA849C2DD654A4000C2641 /* PBXTargetDependency */ = {
			isa = PBXTargetDependency;
			productRef = 21BA849B2DD654A4000C2641 /* GRPCProtobufGenerator */;
		};
/* End PBXTargetDependency section */

/* Begin XCBuildConfiguration section */
		21803EA62DCCDB2B00522CF4 /* Debug */ = {
			isa = XCBuildConfiguration;
			buildSettings = {
				ALWAYS_SEARCH_USER_PATHS = NO;
				ASSETCATALOG_COMPILER_GENERATE_SWIFT_ASSET_SYMBOL_EXTENSIONS = YES;
				CLANG_ANALYZER_NONNULL = YES;
				CLANG_ANALYZER_NUMBER_OBJECT_CONVERSION = YES_AGGRESSIVE;
				CLANG_CXX_LANGUAGE_STANDARD = "gnu++20";
				CLANG_ENABLE_MODULES = YES;
				CLANG_ENABLE_OBJC_ARC = YES;
				CLANG_ENABLE_OBJC_WEAK = YES;
				CLANG_WARN_BLOCK_CAPTURE_AUTORELEASING = YES;
				CLANG_WARN_BOOL_CONVERSION = YES;
				CLANG_WARN_COMMA = YES;
				CLANG_WARN_CONSTANT_CONVERSION = YES;
				CLANG_WARN_DEPRECATED_OBJC_IMPLEMENTATIONS = YES;
				CLANG_WARN_DIRECT_OBJC_ISA_USAGE = YES_ERROR;
				CLANG_WARN_DOCUMENTATION_COMMENTS = YES;
				CLANG_WARN_EMPTY_BODY = YES;
				CLANG_WARN_ENUM_CONVERSION = YES;
				CLANG_WARN_INFINITE_RECURSION = YES;
				CLANG_WARN_INT_CONVERSION = YES;
				CLANG_WARN_NON_LITERAL_NULL_CONVERSION = YES;
				CLANG_WARN_OBJC_IMPLICIT_RETAIN_SELF = YES;
				CLANG_WARN_OBJC_LITERAL_CONVERSION = YES;
				CLANG_WARN_OBJC_ROOT_CLASS = YES_ERROR;
				CLANG_WARN_QUOTED_INCLUDE_IN_FRAMEWORK_HEADER = YES;
				CLANG_WARN_RANGE_LOOP_ANALYSIS = YES;
				CLANG_WARN_STRICT_PROTOTYPES = YES;
				CLANG_WARN_SUSPICIOUS_MOVE = YES;
				CLANG_WARN_UNGUARDED_AVAILABILITY = YES_AGGRESSIVE;
				CLANG_WARN_UNREACHABLE_CODE = YES;
				CLANG_WARN__DUPLICATE_METHOD_MATCH = YES;
				COPY_PHASE_STRIP = NO;
				DEBUG_INFORMATION_FORMAT = dwarf;
				DEVELOPMENT_TEAM = 7TB7FK5Q5U;
				ENABLE_STRICT_OBJC_MSGSEND = YES;
				ENABLE_TESTABILITY = YES;
				ENABLE_USER_SCRIPT_SANDBOXING = YES;
				GCC_C_LANGUAGE_STANDARD = gnu17;
				GCC_DYNAMIC_NO_PIC = NO;
				GCC_NO_COMMON_BLOCKS = YES;
				GCC_OPTIMIZATION_LEVEL = 0;
				GCC_PREPROCESSOR_DEFINITIONS = (
					"DEBUG=1",
					"$(inherited)",
				);
				GCC_WARN_64_TO_32_BIT_CONVERSION = YES;
				GCC_WARN_ABOUT_RETURN_TYPE = YES_ERROR;
				GCC_WARN_UNDECLARED_SELECTOR = YES;
				GCC_WARN_UNINITIALIZED_AUTOS = YES_AGGRESSIVE;
				GCC_WARN_UNUSED_FUNCTION = YES;
				GCC_WARN_UNUSED_VARIABLE = YES;
				LOCALIZATION_PREFERS_STRING_CATALOGS = YES;
				MACH_O_TYPE = mh_execute;
				MACOSX_DEPLOYMENT_TARGET = 15.4;
				MTL_ENABLE_DEBUG_INFO = INCLUDE_SOURCE;
				MTL_FAST_MATH = YES;
				ONLY_ACTIVE_ARCH = YES;
				SDKROOT = macosx;
				SWIFT_ACTIVE_COMPILATION_CONDITIONS = "DEBUG $(inherited)";
				SWIFT_OPTIMIZATION_LEVEL = "-Onone";
			};
			name = Debug;
		};
		21803EA72DCCDB2B00522CF4 /* Release */ = {
			isa = XCBuildConfiguration;
			buildSettings = {
				ALWAYS_SEARCH_USER_PATHS = NO;
				ASSETCATALOG_COMPILER_GENERATE_SWIFT_ASSET_SYMBOL_EXTENSIONS = YES;
				CLANG_ANALYZER_NONNULL = YES;
				CLANG_ANALYZER_NUMBER_OBJECT_CONVERSION = YES_AGGRESSIVE;
				CLANG_CXX_LANGUAGE_STANDARD = "gnu++20";
				CLANG_ENABLE_MODULES = YES;
				CLANG_ENABLE_OBJC_ARC = YES;
				CLANG_ENABLE_OBJC_WEAK = YES;
				CLANG_WARN_BLOCK_CAPTURE_AUTORELEASING = YES;
				CLANG_WARN_BOOL_CONVERSION = YES;
				CLANG_WARN_COMMA = YES;
				CLANG_WARN_CONSTANT_CONVERSION = YES;
				CLANG_WARN_DEPRECATED_OBJC_IMPLEMENTATIONS = YES;
				CLANG_WARN_DIRECT_OBJC_ISA_USAGE = YES_ERROR;
				CLANG_WARN_DOCUMENTATION_COMMENTS = YES;
				CLANG_WARN_EMPTY_BODY = YES;
				CLANG_WARN_ENUM_CONVERSION = YES;
				CLANG_WARN_INFINITE_RECURSION = YES;
				CLANG_WARN_INT_CONVERSION = YES;
				CLANG_WARN_NON_LITERAL_NULL_CONVERSION = YES;
				CLANG_WARN_OBJC_IMPLICIT_RETAIN_SELF = YES;
				CLANG_WARN_OBJC_LITERAL_CONVERSION = YES;
				CLANG_WARN_OBJC_ROOT_CLASS = YES_ERROR;
				CLANG_WARN_QUOTED_INCLUDE_IN_FRAMEWORK_HEADER = YES;
				CLANG_WARN_RANGE_LOOP_ANALYSIS = YES;
				CLANG_WARN_STRICT_PROTOTYPES = YES;
				CLANG_WARN_SUSPICIOUS_MOVE = YES;
				CLANG_WARN_UNGUARDED_AVAILABILITY = YES_AGGRESSIVE;
				CLANG_WARN_UNREACHABLE_CODE = YES;
				CLANG_WARN__DUPLICATE_METHOD_MATCH = YES;
				COPY_PHASE_STRIP = NO;
				DEBUG_INFORMATION_FORMAT = "dwarf-with-dsym";
				DEVELOPMENT_TEAM = 7TB7FK5Q5U;
				ENABLE_NS_ASSERTIONS = NO;
				ENABLE_STRICT_OBJC_MSGSEND = YES;
				ENABLE_USER_SCRIPT_SANDBOXING = YES;
				GCC_C_LANGUAGE_STANDARD = gnu17;
				GCC_NO_COMMON_BLOCKS = YES;
				GCC_WARN_64_TO_32_BIT_CONVERSION = YES;
				GCC_WARN_ABOUT_RETURN_TYPE = YES_ERROR;
				GCC_WARN_UNDECLARED_SELECTOR = YES;
				GCC_WARN_UNINITIALIZED_AUTOS = YES_AGGRESSIVE;
				GCC_WARN_UNUSED_FUNCTION = YES;
				GCC_WARN_UNUSED_VARIABLE = YES;
				LOCALIZATION_PREFERS_STRING_CATALOGS = YES;
				MACH_O_TYPE = mh_execute;
				MACOSX_DEPLOYMENT_TARGET = 15.4;
				MTL_ENABLE_DEBUG_INFO = NO;
				MTL_FAST_MATH = YES;
				SDKROOT = macosx;
				SWIFT_COMPILATION_MODE = wholemodule;
			};
			name = Release;
		};
		21803EC02DCCDBFB00522CF4 /* Debug */ = {
			isa = XCBuildConfiguration;
			buildSettings = {
				CODE_SIGN_ENTITLEMENTS = TokenFile/TokenFile.entitlements;
				"CODE_SIGN_IDENTITY[sdk=macosx*]" = "Apple Development";
				CODE_SIGN_STYLE = Automatic;
				COMBINE_HIDPI_IMAGES = YES;
				CURRENT_PROJECT_VERSION = 1;
				DEVELOPMENT_TEAM = 7TB7FK5Q5U;
				DYLD_LIBRARY_PATH = "${BUILT_PRODUCTS_DIR}";
				ENABLE_HARDENED_RUNTIME = YES;
				GENERATE_INFOPLIST_FILE = YES;
				INFOPLIST_FILE = TokenFile/Info.plist;
				INFOPLIST_KEY_CFBundleDisplayName = TokenFile;
				INFOPLIST_KEY_NSHumanReadableCopyright = "";
				LD_RUNPATH_SEARCH_PATHS = (
					"$(inherited)",
					"@executable_path/../Frameworks",
					"@executable_path/../../../../Frameworks",
				);
				MACOSX_DEPLOYMENT_TARGET = 15.0;
				MARKETING_VERSION = 1.0;
				PRODUCT_BUNDLE_IDENTIFIER = io.f1r3fly.f1r3drive.contextmenu.TokenFile;
				PRODUCT_NAME = "$(TARGET_NAME)";
				SKIP_INSTALL = YES;
				SWIFT_EMIT_LOC_STRINGS = YES;
				SWIFT_VERSION = 5.0;
			};
			name = Debug;
		};
		21803EC12DCCDBFB00522CF4 /* Release */ = {
			isa = XCBuildConfiguration;
			buildSettings = {
				CODE_SIGN_ENTITLEMENTS = TokenFile/TokenFile.entitlements;
				"CODE_SIGN_IDENTITY[sdk=macosx*]" = "Apple Development";
				CODE_SIGN_STYLE = Automatic;
				COMBINE_HIDPI_IMAGES = YES;
				CURRENT_PROJECT_VERSION = 1;
				DEVELOPMENT_TEAM = 7TB7FK5Q5U;
				ENABLE_HARDENED_RUNTIME = YES;
				GENERATE_INFOPLIST_FILE = YES;
				INFOPLIST_FILE = TokenFile/Info.plist;
				INFOPLIST_KEY_CFBundleDisplayName = TokenFile;
				INFOPLIST_KEY_NSHumanReadableCopyright = "";
				LD_RUNPATH_SEARCH_PATHS = (
					"$(inherited)",
					"@executable_path/../Frameworks",
					"@executable_path/../../../../Frameworks",
				);
				MACOSX_DEPLOYMENT_TARGET = 15.0;
				MARKETING_VERSION = 1.0;
				PRODUCT_BUNDLE_IDENTIFIER = io.f1r3fly.f1r3drive.contextmenu.TokenFile;
				PRODUCT_NAME = "$(TARGET_NAME)";
				SKIP_INSTALL = YES;
				SWIFT_EMIT_LOC_STRINGS = YES;
				SWIFT_VERSION = 5.0;
			};
			name = Release;
		};
		21BA844C2DD5E25B000C2641 /* Debug */ = {
			isa = XCBuildConfiguration;
			buildSettings = {
				ASSETCATALOG_COMPILER_APPICON_NAME = AppIcon;
				ASSETCATALOG_COMPILER_GLOBAL_ACCENT_COLOR_NAME = AccentColor;
				ASSETCATALOG_COMPILER_INCLUDE_ALL_APPICON_ASSETS = NO;
				CODE_SIGN_ENTITLEMENTS = ContextMenuApp/ContextMenuApp.entitlements;
				CODE_SIGN_STYLE = Automatic;
				COMBINE_HIDPI_IMAGES = YES;
				CURRENT_PROJECT_VERSION = 1;
				DEVELOPMENT_TEAM = 7TB7FK5Q5U;
				ENABLE_HARDENED_RUNTIME = YES;
				ENABLE_PREVIEWS = YES;
				GENERATE_INFOPLIST_FILE = YES;
				INFOPLIST_KEY_NSHumanReadableCopyright = "";
				LD_RUNPATH_SEARCH_PATHS = (
					"$(inherited)",
					"@executable_path/../Frameworks",
				);
				MARKETING_VERSION = 1.0;
				PRODUCT_BUNDLE_IDENTIFIER = io.f1r3fly.f1r3drive.ContextMenuApp;
				PRODUCT_NAME = "$(TARGET_NAME)";
				REGISTER_APP_GROUPS = YES;
				SWIFT_EMIT_LOC_STRINGS = YES;
				SWIFT_VERSION = 5.0;
			};
			name = Debug;
		};
		21BA844D2DD5E25B000C2641 /* Release */ = {
			isa = XCBuildConfiguration;
			buildSettings = {
				ASSETCATALOG_COMPILER_APPICON_NAME = AppIcon;
				ASSETCATALOG_COMPILER_GLOBAL_ACCENT_COLOR_NAME = AccentColor;
				ASSETCATALOG_COMPILER_INCLUDE_ALL_APPICON_ASSETS = NO;
				CODE_SIGN_ENTITLEMENTS = ContextMenuApp/ContextMenuApp.entitlements;
				CODE_SIGN_STYLE = Automatic;
				COMBINE_HIDPI_IMAGES = YES;
				CURRENT_PROJECT_VERSION = 1;
				DEVELOPMENT_TEAM = 7TB7FK5Q5U;
				ENABLE_HARDENED_RUNTIME = YES;
				ENABLE_PREVIEWS = YES;
				GENERATE_INFOPLIST_FILE = YES;
				INFOPLIST_KEY_NSHumanReadableCopyright = "";
				LD_RUNPATH_SEARCH_PATHS = (
					"$(inherited)",
					"@executable_path/../Frameworks",
				);
				MARKETING_VERSION = 1.0;
				PRODUCT_BUNDLE_IDENTIFIER = io.f1r3fly.f1r3drive.ContextMenuApp;
				PRODUCT_NAME = "$(TARGET_NAME)";
				REGISTER_APP_GROUPS = YES;
				SWIFT_EMIT_LOC_STRINGS = YES;
				SWIFT_VERSION = 5.0;
			};
			name = Release;
		};
/* End XCBuildConfiguration section */

/* Begin XCConfigurationList section */
		21803E812DCCDB2A00522CF4 /* Build configuration list for PBXProject "contextmenu" */ = {
			isa = XCConfigurationList;
			buildConfigurations = (
				21803EA62DCCDB2B00522CF4 /* Debug */,
				21803EA72DCCDB2B00522CF4 /* Release */,
			);
			defaultConfigurationIsVisible = 0;
			defaultConfigurationName = Release;
		};
		21803EBF2DCCDBFB00522CF4 /* Build configuration list for PBXNativeTarget "TokenFile" */ = {
			isa = XCConfigurationList;
			buildConfigurations = (
				21803EC02DCCDBFB00522CF4 /* Debug */,
				21803EC12DCCDBFB00522CF4 /* Release */,
			);
			defaultConfigurationIsVisible = 0;
			defaultConfigurationName = Release;
		};
		21BA844B2DD5E25B000C2641 /* Build configuration list for PBXNativeTarget "ContextMenuApp" */ = {
			isa = XCConfigurationList;
			buildConfigurations = (
				21BA844C2DD5E25B000C2641 /* Debug */,
				21BA844D2DD5E25B000C2641 /* Release */,
			);
			defaultConfigurationIsVisible = 0;
			defaultConfigurationName = Release;
		};
/* End XCConfigurationList section */

/* Begin XCRemoteSwiftPackageReference section */
		21BA840D2DD5C955000C2641 /* XCRemoteSwiftPackageReference "grpc-swift-nio-transport" */ = {
			isa = XCRemoteSwiftPackageReference;
			repositoryURL = "https://github.com/grpc/grpc-swift-nio-transport.git";
			requirement = {
				kind = upToNextMajorVersion;
				minimumVersion = 1.1.0;
			};
		};
		21F175612DD4857E00B03A75 /* XCRemoteSwiftPackageReference "grpc-swift" */ = {
			isa = XCRemoteSwiftPackageReference;
			repositoryURL = "https://github.com/grpc/grpc-swift.git";
			requirement = {
				kind = upToNextMajorVersion;
				minimumVersion = 2.2.0;
			};
		};
		21F175622DD4858E00B03A75 /* XCRemoteSwiftPackageReference "swift-protobuf" */ = {
			isa = XCRemoteSwiftPackageReference;
			repositoryURL = "https://github.com/apple/swift-protobuf.git";
			requirement = {
				kind = upToNextMajorVersion;
				minimumVersion = 1.29.0;
			};
		};
		21F175D92DD4AACD00B03A75 /* XCRemoteSwiftPackageReference "swift-nio" */ = {
			isa = XCRemoteSwiftPackageReference;
			repositoryURL = "https://github.com/apple/swift-nio.git";
			requirement = {
				kind = upToNextMajorVersion;
				minimumVersion = 2.83.0;
			};
		};
		21FD902A2DD4FF2B00C9426B /* XCRemoteSwiftPackageReference "grpc-swift-protobuf" */ = {
			isa = XCRemoteSwiftPackageReference;
			repositoryURL = "https://github.com/grpc/grpc-swift-protobuf.git";
			requirement = {
				kind = upToNextMajorVersion;
				minimumVersion = 1.2.0;
			};
		};
/* End XCRemoteSwiftPackageReference section */

/* Begin XCSwiftPackageProductDependency section */
		21BA840E2DD5C955000C2641 /* GRPCNIOTransportHTTP2 */ = {
			isa = XCSwiftPackageProductDependency;
			package = 21BA840D2DD5C955000C2641 /* XCRemoteSwiftPackageReference "grpc-swift-nio-transport" */;
			productName = GRPCNIOTransportHTTP2;
		};
		21BA849B2DD654A4000C2641 /* GRPCProtobufGenerator */ = {
			isa = XCSwiftPackageProductDependency;
			package = 21FD902A2DD4FF2B00C9426B /* XCRemoteSwiftPackageReference "grpc-swift-protobuf" */;
			productName = "plugin:GRPCProtobufGenerator";
		};
		21F175632DD485BB00B03A75 /* SwiftProtobuf */ = {
			isa = XCSwiftPackageProductDependency;
			package = 21F175622DD4858E00B03A75 /* XCRemoteSwiftPackageReference "swift-protobuf" */;
			productName = SwiftProtobuf;
		};
		21F175652DD485BB00B03A75 /* SwiftProtobufPluginLibrary */ = {
			isa = XCSwiftPackageProductDependency;
			package = 21F175622DD4858E00B03A75 /* XCRemoteSwiftPackageReference "swift-protobuf" */;
			productName = SwiftProtobufPluginLibrary;
		};
		21F175672DD485BB00B03A75 /* protoc-gen-swift */ = {
			isa = XCSwiftPackageProductDependency;
			package = 21F175622DD4858E00B03A75 /* XCRemoteSwiftPackageReference "swift-protobuf" */;
			productName = "protoc-gen-swift";
		};
		21F175692DD485C800B03A75 /* GRPCCodeGen */ = {
			isa = XCSwiftPackageProductDependency;
			package = 21F175612DD4857E00B03A75 /* XCRemoteSwiftPackageReference "grpc-swift" */;
			productName = GRPCCodeGen;
		};
		21F1756B2DD485C800B03A75 /* GRPCCore */ = {
			isa = XCSwiftPackageProductDependency;
			package = 21F175612DD4857E00B03A75 /* XCRemoteSwiftPackageReference "grpc-swift" */;
			productName = GRPCCore;
		};
		21F1756D2DD485C800B03A75 /* GRPCInProcessTransport */ = {
			isa = XCSwiftPackageProductDependency;
			package = 21F175612DD4857E00B03A75 /* XCRemoteSwiftPackageReference "grpc-swift" */;
			productName = GRPCInProcessTransport;
		};
		21F175DA2DD4AACD00B03A75 /* NIO */ = {
			isa = XCSwiftPackageProductDependency;
			package = 21F175D92DD4AACD00B03A75 /* XCRemoteSwiftPackageReference "swift-nio" */;
			productName = NIO;
		};
		21F175DC2DD4AACD00B03A75 /* NIOConcurrencyHelpers */ = {
			isa = XCSwiftPackageProductDependency;
			package = 21F175D92DD4AACD00B03A75 /* XCRemoteSwiftPackageReference "swift-nio" */;
			productName = NIOConcurrencyHelpers;
		};
		21F175DE2DD4AACD00B03A75 /* NIOCore */ = {
			isa = XCSwiftPackageProductDependency;
			package = 21F175D92DD4AACD00B03A75 /* XCRemoteSwiftPackageReference "swift-nio" */;
			productName = NIOCore;
		};
		21F175E02DD4AACD00B03A75 /* NIOEmbedded */ = {
			isa = XCSwiftPackageProductDependency;
			package = 21F175D92DD4AACD00B03A75 /* XCRemoteSwiftPackageReference "swift-nio" */;
			productName = NIOEmbedded;
		};
		21F175E22DD4AACD00B03A75 /* NIOFoundationCompat */ = {
			isa = XCSwiftPackageProductDependency;
			package = 21F175D92DD4AACD00B03A75 /* XCRemoteSwiftPackageReference "swift-nio" */;
			productName = NIOFoundationCompat;
		};
		21FD902B2DD4FF2B00C9426B /* GRPCProtobuf */ = {
			isa = XCSwiftPackageProductDependency;
			package = 21FD902A2DD4FF2B00C9426B /* XCRemoteSwiftPackageReference "grpc-swift-protobuf" */;
			productName = GRPCProtobuf;
		};
		21FD902D2DD4FF2B00C9426B /* protoc-gen-grpc-swift */ = {
			isa = XCSwiftPackageProductDependency;
			package = 21FD902A2DD4FF2B00C9426B /* XCRemoteSwiftPackageReference "grpc-swift-protobuf" */;
			productName = "protoc-gen-grpc-swift";
		};
/* End XCSwiftPackageProductDependency section */
	};
	rootObject = 21803E7E2DCCDB2A00522CF4 /* Project object */;
}
