// !$*UTF8*$!
{
	archiveVersion = 1;
	classes = {
	};
	objectVersion = 77;
	objects = {

/* Begin PBXBuildFile section */
		2145A5042DDF563C0058E20A /* GRPCCore in Frameworks */ = {isa = PBXBuildFile; productRef = 2145A5032DDF563C0058E20A /* GRPCCore */; };
		2145A50D2DDF567A0058E20A /* NIO in Frameworks */ = {isa = PBXBuildFile; productRef = 2145A50C2DDF567A0058E20A /* NIO */; };
		2145A5142DDF56C40058E20A /* GRPCNIOTransportHTTP2 in Frameworks */ = {isa = PBXBuildFile; productRef = 2145A5132DDF56C40058E20A /* GRPCNIOTransportHTTP2 */; };
		2145A51A2DDF570C0058E20A /* GRPCProtobuf in Frameworks */ = {isa = PBXBuildFile; productRef = 2145A5192DDF570C0058E20A /* GRPCProtobuf */; };
		2145A5222DDF592C0058E20A /* GRPCInProcessTransport in Frameworks */ = {isa = PBXBuildFile; productRef = 2145A5212DDF592C0058E20A /* GRPCInProcessTransport */; };
		2145A52A2DDF599D0058E20A /* GRPCCodeGen in Frameworks */ = {isa = PBXBuildFile; productRef = 2145A5292DDF599D0058E20A /* GRPCCodeGen */; };
		21803EBD2DCCDBFB00522CF4 /* FinderSyncExtension.appex in Embed Foundation Extensions */ = {isa = PBXBuildFile; fileRef = 21803EB52DCCDBFB00522CF4 /* FinderSyncExtension.appex */; settings = {ATTRIBUTES = (RemoveHeadersOnCopy, ); }; };
		21803EC42DCCE8CE00522CF4 /* Media.xcassets in Resources */ = {isa = PBXBuildFile; fileRef = 21803EC32DCCE8CE00522CF4 /* Media.xcassets */; };
		21803EC52DCCE8CE00522CF4 /* Media.xcassets in Resources */ = {isa = PBXBuildFile; fileRef = 21803EC32DCCE8CE00522CF4 /* Media.xcassets */; };
		21BA852E2DD66596000C2641 /* contextmenuApp.swift in Sources */ = {isa = PBXBuildFile; fileRef = 21BA852C2DD66596000C2641 /* contextmenuApp.swift */; };
		21BA852F2DD66596000C2641 /* ContentView.swift in Sources */ = {isa = PBXBuildFile; fileRef = 21BA852A2DD66596000C2641 /* ContentView.swift */; };
		21BA85302DD66596000C2641 /* Assets.xcassets in Resources */ = {isa = PBXBuildFile; fileRef = 21BA85292DD66596000C2641 /* Assets.xcassets */; };
		21BA85312DD66596000C2641 /* Assets.xcassets in Resources */ = {isa = PBXBuildFile; fileRef = 21BA85292DD66596000C2641 /* Assets.xcassets */; };
		21BA85322DD66596000C2641 /* contextmenuApp.swift in Sources */ = {isa = PBXBuildFile; fileRef = 21BA852C2DD66596000C2641 /* contextmenuApp.swift */; };
		21BA85332DD66596000C2641 /* ContentView.swift in Sources */ = {isa = PBXBuildFile; fileRef = 21BA852A2DD66596000C2641 /* ContentView.swift */; };
		21E37BFC2DF8664800D675E4 /* GRPCCodeGen in Frameworks */ = {isa = PBXBuildFile; productRef = 21E37BFB2DF8664800D675E4 /* GRPCCodeGen */; };
		21E37BFE2DF8664800D675E4 /* GRPCCore in Frameworks */ = {isa = PBXBuildFile; productRef = 21E37BFD2DF8664800D675E4 /* GRPCCore */; };
		21E37C002DF8664800D675E4 /* GRPCInProcessTransport in Frameworks */ = {isa = PBXBuildFile; productRef = 21E37BFF2DF8664800D675E4 /* GRPCInProcessTransport */; };
		21E37C022DF8664800D675E4 /* GRPCProtobuf in Frameworks */ = {isa = PBXBuildFile; productRef = 21E37C012DF8664800D675E4 /* GRPCProtobuf */; };
		21E37C042DF8664800D675E4 /* GRPCNIOTransportHTTP2 in Frameworks */ = {isa = PBXBuildFile; productRef = 21E37C032DF8664800D675E4 /* GRPCNIOTransportHTTP2 */; };
		21E37C062DF8665600D675E4 /* NIO in Frameworks */ = {isa = PBXBuildFile; productRef = 21E37C052DF8665600D675E4 /* NIO */; };
		21E37C0B2DF866B100D675E4 /* grpc-swift-proto-generator-config.json in Resources */ = {isa = PBXBuildFile; fileRef = 21FD903B2DD5BEA300C9426B /* grpc-swift-proto-generator-config.json */; };
		21F1755F2DD483C100B03A75 /* README.md in Resources */ = {isa = PBXBuildFile; fileRef = 21F1755E2DD483C100B03A75 /* README.md */; };
		21F175602DD483C100B03A75 /* README.md in Resources */ = {isa = PBXBuildFile; fileRef = 21F1755E2DD483C100B03A75 /* README.md */; };
		21FD903C2DD5BEA300C9426B /* grpc-swift-proto-generator-config.json in Resources */ = {isa = PBXBuildFile; fileRef = 21FD903B2DD5BEA300C9426B /* grpc-swift-proto-generator-config.json */; };
		21FD903D2DD5BEA300C9426B /* grpc-swift-proto-generator-config.json in Resources */ = {isa = PBXBuildFile; fileRef = 21FD903B2DD5BEA300C9426B /* grpc-swift-proto-generator-config.json */; };
/* End PBXBuildFile section */

/* Begin PBXContainerItemProxy section */
		21803E952DCCDB2B00522CF4 /* PBXContainerItemProxy */ = {
			isa = PBXContainerItemProxy;
			containerPortal = 21803E7E2DCCDB2A00522CF4 /* Project object */;
			proxyType = 1;
			remoteGlobalIDString = 21803E852DCCDB2A00522CF4;
			remoteInfo = contextmenu;
		};
		21803E9F2DCCDB2B00522CF4 /* PBXContainerItemProxy */ = {
			isa = PBXContainerItemProxy;
			containerPortal = 21803E7E2DCCDB2A00522CF4 /* Project object */;
			proxyType = 1;
			remoteGlobalIDString = 21803E852DCCDB2A00522CF4;
			remoteInfo = contextmenu;
		};
		21803EBB2DCCDBFB00522CF4 /* PBXContainerItemProxy */ = {
			isa = PBXContainerItemProxy;
			containerPortal = 21803E7E2DCCDB2A00522CF4 /* Project object */;
			proxyType = 1;
			remoteGlobalIDString = 21803EB42DCCDBFB00522CF4;
			remoteInfo = FinderSyncExtension;
		};
/* End PBXContainerItemProxy section */

/* Begin PBXCopyFilesBuildPhase section */
		21803EC22DCCDBFB00522CF4 /* Embed Foundation Extensions */ = {
			isa = PBXCopyFilesBuildPhase;
			buildActionMask = 2147483647;
			dstPath = "";
			dstSubfolderSpec = 13;
			files = (
				21803EBD2DCCDBFB00522CF4 /* FinderSyncExtension.appex in Embed Foundation Extensions */,
			);
			name = "Embed Foundation Extensions";
			runOnlyForDeploymentPostprocessing = 0;
		};
/* End PBXCopyFilesBuildPhase section */

/* Begin PBXFileReference section */
		21803E862DCCDB2A00522CF4 /* contextmenu.app */ = {isa = PBXFileReference; explicitFileType = wrapper.application; includeInIndex = 0; path = contextmenu.app; sourceTree = BUILT_PRODUCTS_DIR; };
		21803E942DCCDB2B00522CF4 /* contextmenuTests.xctest */ = {isa = PBXFileReference; explicitFileType = wrapper.cfbundle; includeInIndex = 0; path = contextmenuTests.xctest; sourceTree = BUILT_PRODUCTS_DIR; };
		21803E9E2DCCDB2B00522CF4 /* contextmenuUITests.xctest */ = {isa = PBXFileReference; explicitFileType = wrapper.cfbundle; includeInIndex = 0; path = contextmenuUITests.xctest; sourceTree = BUILT_PRODUCTS_DIR; };
		21803EB52DCCDBFB00522CF4 /* FinderSyncExtension.appex */ = {isa = PBXFileReference; explicitFileType = "wrapper.app-extension"; includeInIndex = 0; path = FinderSyncExtension.appex; sourceTree = BUILT_PRODUCTS_DIR; };
		21803EC32DCCE8CE00522CF4 /* Media.xcassets */ = {isa = PBXFileReference; lastKnownFileType = folder.assetcatalog; path = Media.xcassets; sourceTree = "<group>"; };
		2198B3BF2DE5DA2D00964B06 /* RevFolderUnlockerApp.app */ = {isa = PBXFileReference; explicitFileType = wrapper.application; includeInIndex = 0; path = RevFolderUnlockerApp.app; sourceTree = BUILT_PRODUCTS_DIR; };
		21BA85292DD66596000C2641 /* Assets.xcassets */ = {isa = PBXFileReference; lastKnownFileType = folder.assetcatalog; path = Assets.xcassets; sourceTree = "<group>"; };
		21BA852A2DD66596000C2641 /* ContentView.swift */ = {isa = PBXFileReference; lastKnownFileType = sourcecode.swift; path = ContentView.swift; sourceTree = "<group>"; };
		21BA852B2DD66596000C2641 /* contextmenu.entitlements */ = {isa = PBXFileReference; lastKnownFileType = text.plist.entitlements; path = contextmenu.entitlements; sourceTree = "<group>"; };
		21BA852C2DD66596000C2641 /* contextmenuApp.swift */ = {isa = PBXFileReference; lastKnownFileType = sourcecode.swift; path = contextmenuApp.swift; sourceTree = "<group>"; };
		21F1755E2DD483C100B03A75 /* README.md */ = {isa = PBXFileReference; lastKnownFileType = net.daringfireball.markdown; path = README.md; sourceTree = "<group>"; };
		21FD903B2DD5BEA300C9426B /* grpc-swift-proto-generator-config.json */ = {isa = PBXFileReference; lastKnownFileType = text.json; path = "grpc-swift-proto-generator-config.json"; sourceTree = "<group>"; };
/* End PBXFileReference section */

/* Begin PBXFileSystemSynchronizedBuildFileExceptionSet section */
		21803EBE2DCCDBFB00522CF4 /* Exceptions for "FinderSyncExtension" folder in "FinderSyncExtension" target */ = {
			isa = PBXFileSystemSynchronizedBuildFileExceptionSet;
			membershipExceptions = (
				Info.plist,
			);
			target = 21803EB42DCCDBFB00522CF4 /* FinderSyncExtension */;
		};
		21E37C0A2DF8669E00D675E4 /* Exceptions for "Protos" folder in "RevFolderUnlockerApp" target */ = {
			isa = PBXFileSystemSynchronizedBuildFileExceptionSet;
			membershipExceptions = (
				FinderSyncExntesionService.proto,
				"grpc-swift-config.json",
			);
			target = 2198B3BE2DE5DA2D00964B06 /* RevFolderUnlockerApp */;
		};
/* End PBXFileSystemSynchronizedBuildFileExceptionSet section */

/* Begin PBXFileSystemSynchronizedRootGroup section */
		21803EB62DCCDBFB00522CF4 /* FinderSyncExtension */ = {
			isa = PBXFileSystemSynchronizedRootGroup;
			exceptions = (
				21803EBE2DCCDBFB00522CF4 /* Exceptions for "FinderSyncExtension" folder in "FinderSyncExtension" target */,
			);
			path = FinderSyncExtension;
			sourceTree = "<group>";
		};
		2198B3C02DE5DA2D00964B06 /* RevFolderUnlockerApp */ = {
			isa = PBXFileSystemSynchronizedRootGroup;
			path = RevFolderUnlockerApp;
			sourceTree = "<group>";
		};
		21F1756F2DD4864B00B03A75 /* Protos */ = {
			isa = PBXFileSystemSynchronizedRootGroup;
			exceptions = (
				21E37C0A2DF8669E00D675E4 /* Exceptions for "Protos" folder in "RevFolderUnlockerApp" target */,
			);
			path = Protos;
			sourceTree = "<group>";
		};
/* End PBXFileSystemSynchronizedRootGroup section */

/* Begin PBXFrameworksBuildPhase section */
		21803E832DCCDB2A00522CF4 /* Frameworks */ = {
			isa = PBXFrameworksBuildPhase;
			buildActionMask = 2147483647;
			files = (
			);
			runOnlyForDeploymentPostprocessing = 0;
		};
		21803E912DCCDB2B00522CF4 /* Frameworks */ = {
			isa = PBXFrameworksBuildPhase;
			buildActionMask = 2147483647;
			files = (
			);
			runOnlyForDeploymentPostprocessing = 0;
		};
		21803E9B2DCCDB2B00522CF4 /* Frameworks */ = {
			isa = PBXFrameworksBuildPhase;
			buildActionMask = 2147483647;
			files = (
			);
			runOnlyForDeploymentPostprocessing = 0;
		};
		21803EB22DCCDBFB00522CF4 /* Frameworks */ = {
			isa = PBXFrameworksBuildPhase;
			buildActionMask = 2147483647;
			files = (
				2145A5142DDF56C40058E20A /* GRPCNIOTransportHTTP2 in Frameworks */,
				2145A51A2DDF570C0058E20A /* GRPCProtobuf in Frameworks */,
				2145A5222DDF592C0058E20A /* GRPCInProcessTransport in Frameworks */,
				2145A5042DDF563C0058E20A /* GRPCCore in Frameworks */,
				2145A52A2DDF599D0058E20A /* GRPCCodeGen in Frameworks */,
				2145A50D2DDF567A0058E20A /* NIO in Frameworks */,
			);
			runOnlyForDeploymentPostprocessing = 0;
		};
		2198B3BC2DE5DA2D00964B06 /* Frameworks */ = {
			isa = PBXFrameworksBuildPhase;
			buildActionMask = 2147483647;
			files = (
				21E37BFC2DF8664800D675E4 /* GRPCCodeGen in Frameworks */,
				21E37C022DF8664800D675E4 /* GRPCProtobuf in Frameworks */,
				21E37BFE2DF8664800D675E4 /* GRPCCore in Frameworks */,
				21E37C062DF8665600D675E4 /* NIO in Frameworks */,
				21E37C042DF8664800D675E4 /* GRPCNIOTransportHTTP2 in Frameworks */,
				21E37C002DF8664800D675E4 /* GRPCInProcessTransport in Frameworks */,
			);
			runOnlyForDeploymentPostprocessing = 0;
		};
/* End PBXFrameworksBuildPhase section */

/* Begin PBXGroup section */
		213A4FD82DDF52EB00E0BC96 /* Frameworks */ = {
			isa = PBXGroup;
			children = (
			);
			name = Frameworks;
			sourceTree = "<group>";
		};
		21803E7D2DCCDB2A00522CF4 = {
			isa = PBXGroup;
			children = (
				21BA852D2DD66596000C2641 /* contextmenu */,
				21FD903B2DD5BEA300C9426B /* grpc-swift-proto-generator-config.json */,
				21F1756F2DD4864B00B03A75 /* Protos */,
				21F1755E2DD483C100B03A75 /* README.md */,
				21803EC32DCCE8CE00522CF4 /* Media.xcassets */,
				21803EB62DCCDBFB00522CF4 /* FinderSyncExtension */,
				2198B3C02DE5DA2D00964B06 /* RevFolderUnlockerApp */,
				213A4FD82DDF52EB00E0BC96 /* Frameworks */,
				21803E872DCCDB2A00522CF4 /* Products */,
			);
			sourceTree = "<group>";
		};
		21803E872DCCDB2A00522CF4 /* Products */ = {
			isa = PBXGroup;
			children = (
				21803E862DCCDB2A00522CF4 /* contextmenu.app */,
				21803E942DCCDB2B00522CF4 /* contextmenuTests.xctest */,
				21803E9E2DCCDB2B00522CF4 /* contextmenuUITests.xctest */,
				21803EB52DCCDBFB00522CF4 /* FinderSyncExtension.appex */,
				2198B3BF2DE5DA2D00964B06 /* RevFolderUnlockerApp.app */,
			);
			name = Products;
			sourceTree = "<group>";
		};
		21BA852D2DD66596000C2641 /* contextmenu */ = {
			isa = PBXGroup;
			children = (
				21BA85292DD66596000C2641 /* Assets.xcassets */,
				21BA852A2DD66596000C2641 /* ContentView.swift */,
				21BA852B2DD66596000C2641 /* contextmenu.entitlements */,
				21BA852C2DD66596000C2641 /* contextmenuApp.swift */,
			);
			path = contextmenu;
			sourceTree = "<group>";
		};
/* End PBXGroup section */

/* Begin PBXNativeTarget section */
		21803E852DCCDB2A00522CF4 /* contextmenu */ = {
			isa = PBXNativeTarget;
			buildConfigurationList = 21803EA82DCCDB2B00522CF4 /* Build configuration list for PBXNativeTarget "contextmenu" */;
			buildPhases = (
				21803E822DCCDB2A00522CF4 /* Sources */,
				21803E832DCCDB2A00522CF4 /* Frameworks */,
				21803E842DCCDB2A00522CF4 /* Resources */,
				21803EC22DCCDBFB00522CF4 /* Embed Foundation Extensions */,
			);
			buildRules = (
			);
			dependencies = (
				21803EBC2DCCDBFB00522CF4 /* PBXTargetDependency */,
			);
			fileSystemSynchronizedGroups = (
				21F1756F2DD4864B00B03A75 /* Protos */,
			);
			name = contextmenu;
			packageProductDependencies = (
			);
			productName = contextmenu;
			productReference = 21803E862DCCDB2A00522CF4 /* contextmenu.app */;
			productType = "com.apple.product-type.application";
		};
		21803E932DCCDB2B00522CF4 /* contextmenuTests */ = {
			isa = PBXNativeTarget;
			buildConfigurationList = 21803EAB2DCCDB2B00522CF4 /* Build configuration list for PBXNativeTarget "contextmenuTests" */;
			buildPhases = (
				21803E902DCCDB2B00522CF4 /* Sources */,
				21803E912DCCDB2B00522CF4 /* Frameworks */,
				21803E922DCCDB2B00522CF4 /* Resources */,
			);
			buildRules = (
			);
			dependencies = (
				21803E962DCCDB2B00522CF4 /* PBXTargetDependency */,
			);
			name = contextmenuTests;
			packageProductDependencies = (
			);
			productName = contextmenuTests;
			productReference = 21803E942DCCDB2B00522CF4 /* contextmenuTests.xctest */;
			productType = "com.apple.product-type.bundle.unit-test";
		};
		21803E9D2DCCDB2B00522CF4 /* contextmenuUITests */ = {
			isa = PBXNativeTarget;
			buildConfigurationList = 21803EAE2DCCDB2B00522CF4 /* Build configuration list for PBXNativeTarget "contextmenuUITests" */;
			buildPhases = (
				21803E9A2DCCDB2B00522CF4 /* Sources */,
				21803E9B2DCCDB2B00522CF4 /* Frameworks */,
				21803E9C2DCCDB2B00522CF4 /* Resources */,
			);
			buildRules = (
			);
			dependencies = (
				21803EA02DCCDB2B00522CF4 /* PBXTargetDependency */,
			);
			name = contextmenuUITests;
			packageProductDependencies = (
			);
			productName = contextmenuUITests;
			productReference = 21803E9E2DCCDB2B00522CF4 /* contextmenuUITests.xctest */;
			productType = "com.apple.product-type.bundle.ui-testing";
		};
		21803EB42DCCDBFB00522CF4 /* FinderSyncExtension */ = {
			isa = PBXNativeTarget;
			buildConfigurationList = 21803EBF2DCCDBFB00522CF4 /* Build configuration list for PBXNativeTarget "FinderSyncExtension" */;
			buildPhases = (
				21803EB12DCCDBFB00522CF4 /* Sources */,
				21803EB22DCCDBFB00522CF4 /* Frameworks */,
				21803EB32DCCDBFB00522CF4 /* Resources */,
			);
			buildRules = (
			);
			dependencies = (
				21FD90392DD5BD8D00C9426B /* PBXTargetDependency */,
			);
			fileSystemSynchronizedGroups = (
				21803EB62DCCDBFB00522CF4 /* FinderSyncExtension */,
				21F1756F2DD4864B00B03A75 /* Protos */,
			);
			name = FinderSyncExtension;
			packageProductDependencies = (
				2145A5032DDF563C0058E20A /* GRPCCore */,
				2145A50C2DDF567A0058E20A /* NIO */,
				2145A5132DDF56C40058E20A /* GRPCNIOTransportHTTP2 */,
				2145A5192DDF570C0058E20A /* GRPCProtobuf */,
				2145A5212DDF592C0058E20A /* GRPCInProcessTransport */,
				2145A5292DDF599D0058E20A /* GRPCCodeGen */,
			);
			productName = FinderSyncExtension;
			productReference = 21803EB52DCCDBFB00522CF4 /* FinderSyncExtension.appex */;
			productType = "com.apple.product-type.app-extension";
		};
		2198B3BE2DE5DA2D00964B06 /* RevFolderUnlockerApp */ = {
			isa = PBXNativeTarget;
			buildConfigurationList = 2198B3C82DE5DA2E00964B06 /* Build configuration list for PBXNativeTarget "RevFolderUnlockerApp" */;
			buildPhases = (
				2198B3BB2DE5DA2D00964B06 /* Sources */,
				2198B3BC2DE5DA2D00964B06 /* Frameworks */,
				2198B3BD2DE5DA2D00964B06 /* Resources */,
			);
			buildRules = (
			);
			dependencies = (
				21E37C082DF8669300D675E4 /* PBXTargetDependency */,
			);
			fileSystemSynchronizedGroups = (
				2198B3C02DE5DA2D00964B06 /* RevFolderUnlockerApp */,
			);
			name = RevFolderUnlockerApp;
			packageProductDependencies = (
				21E37BFB2DF8664800D675E4 /* GRPCCodeGen */,
				21E37BFD2DF8664800D675E4 /* GRPCCore */,
				21E37BFF2DF8664800D675E4 /* GRPCInProcessTransport */,
				21E37C012DF8664800D675E4 /* GRPCProtobuf */,
				21E37C032DF8664800D675E4 /* GRPCNIOTransportHTTP2 */,
				21E37C052DF8665600D675E4 /* NIO */,
			);
			productName = RevFolderUnlockerApp;
			productReference = 2198B3BF2DE5DA2D00964B06 /* RevFolderUnlockerApp.app */;
			productType = "com.apple.product-type.application";
		};
/* End PBXNativeTarget section */

/* Begin PBXProject section */
		21803E7E2DCCDB2A00522CF4 /* Project object */ = {
			isa = PBXProject;
			attributes = {
				BuildIndependentTargetsInParallel = 1;
				LastSwiftUpdateCheck = 1630;
				LastUpgradeCheck = 1630;
				TargetAttributes = {
					21803E852DCCDB2A00522CF4 = {
						CreatedOnToolsVersion = 16.3;
					};
					21803E932DCCDB2B00522CF4 = {
						CreatedOnToolsVersion = 16.3;
						TestTargetID = 21803E852DCCDB2A00522CF4;
					};
					21803E9D2DCCDB2B00522CF4 = {
						CreatedOnToolsVersion = 16.3;
						TestTargetID = 21803E852DCCDB2A00522CF4;
					};
					21803EB42DCCDBFB00522CF4 = {
						CreatedOnToolsVersion = 16.3;
					};
					2198B3BE2DE5DA2D00964B06 = {
						CreatedOnToolsVersion = 16.3;
					};
				};
			};
			buildConfigurationList = 21803E812DCCDB2A00522CF4 /* Build configuration list for PBXProject "F1r3driveExtensions" */;
			developmentRegion = en;
			hasScannedForEncodings = 0;
			knownRegions = (
				en,
				Base,
			);
			mainGroup = 21803E7D2DCCDB2A00522CF4;
			minimizedProjectReferenceProxies = 1;
			packageReferences = (
				21F175612DD4857E00B03A75 /* XCRemoteSwiftPackageReference "grpc-swift" */,
				21FD902A2DD4FF2B00C9426B /* XCRemoteSwiftPackageReference "grpc-swift-protobuf" */,
				2145A50B2DDF567A0058E20A /* XCRemoteSwiftPackageReference "swift-nio" */,
				2145A5122DDF56C40058E20A /* XCRemoteSwiftPackageReference "grpc-swift-nio-transport" */,
			);
			preferredProjectObjectVersion = 77;
			productRefGroup = 21803E872DCCDB2A00522CF4 /* Products */;
			projectDirPath = "";
			projectRoot = "";
			targets = (
				21803E852DCCDB2A00522CF4 /* contextmenu */,
				21803E932DCCDB2B00522CF4 /* contextmenuTests */,
				21803E9D2DCCDB2B00522CF4 /* contextmenuUITests */,
				21803EB42DCCDBFB00522CF4 /* FinderSyncExtension */,
				2198B3BE2DE5DA2D00964B06 /* RevFolderUnlockerApp */,
			);
		};
/* End PBXProject section */

/* Begin PBXResourcesBuildPhase section */
		21803E842DCCDB2A00522CF4 /* Resources */ = {
			isa = PBXResourcesBuildPhase;
			buildActionMask = 2147483647;
			files = (
				21F1755F2DD483C100B03A75 /* README.md in Resources */,
				21803EC52DCCE8CE00522CF4 /* Media.xcassets in Resources */,
				21FD903D2DD5BEA300C9426B /* grpc-swift-proto-generator-config.json in Resources */,
				21BA85302DD66596000C2641 /* Assets.xcassets in Resources */,
			);
			runOnlyForDeploymentPostprocessing = 0;
		};
		21803E922DCCDB2B00522CF4 /* Resources */ = {
			isa = PBXResourcesBuildPhase;
			buildActionMask = 2147483647;
			files = (
			);
			runOnlyForDeploymentPostprocessing = 0;
		};
		21803E9C2DCCDB2B00522CF4 /* Resources */ = {
			isa = PBXResourcesBuildPhase;
			buildActionMask = 2147483647;
			files = (
			);
			runOnlyForDeploymentPostprocessing = 0;
		};
		21803EB32DCCDBFB00522CF4 /* Resources */ = {
			isa = PBXResourcesBuildPhase;
			buildActionMask = 2147483647;
			files = (
				21F175602DD483C100B03A75 /* README.md in Resources */,
				21803EC42DCCE8CE00522CF4 /* Media.xcassets in Resources */,
				21FD903C2DD5BEA300C9426B /* grpc-swift-proto-generator-config.json in Resources */,
				21BA85312DD66596000C2641 /* Assets.xcassets in Resources */,
			);
			runOnlyForDeploymentPostprocessing = 0;
		};
		2198B3BD2DE5DA2D00964B06 /* Resources */ = {
			isa = PBXResourcesBuildPhase;
			buildActionMask = 2147483647;
			files = (
				21E37C0B2DF866B100D675E4 /* grpc-swift-proto-generator-config.json in Resources */,
			);
			runOnlyForDeploymentPostprocessing = 0;
		};
/* End PBXResourcesBuildPhase section */

/* Begin PBXSourcesBuildPhase section */
		21803E822DCCDB2A00522CF4 /* Sources */ = {
			isa = PBXSourcesBuildPhase;
			buildActionMask = 2147483647;
			files = (
				21BA852E2DD66596000C2641 /* contextmenuApp.swift in Sources */,
				21BA852F2DD66596000C2641 /* ContentView.swift in Sources */,
			);
			runOnlyForDeploymentPostprocessing = 0;
		};
		21803E902DCCDB2B00522CF4 /* Sources */ = {
			isa = PBXSourcesBuildPhase;
			buildActionMask = 2147483647;
			files = (
			);
			runOnlyForDeploymentPostprocessing = 0;
		};
		21803E9A2DCCDB2B00522CF4 /* Sources */ = {
			isa = PBXSourcesBuildPhase;
			buildActionMask = 2147483647;
			files = (
			);
			runOnlyForDeploymentPostprocessing = 0;
		};
		21803EB12DCCDBFB00522CF4 /* Sources */ = {
			isa = PBXSourcesBuildPhase;
			buildActionMask = 2147483647;
			files = (
				21BA85322DD66596000C2641 /* contextmenuApp.swift in Sources */,
				21BA85332DD66596000C2641 /* ContentView.swift in Sources */,
			);
			runOnlyForDeploymentPostprocessing = 0;
		};
		2198B3BB2DE5DA2D00964B06 /* Sources */ = {
			isa = PBXSourcesBuildPhase;
			buildActionMask = 2147483647;
			files = (
			);
			runOnlyForDeploymentPostprocessing = 0;
		};
/* End PBXSourcesBuildPhase section */

/* Begin PBXTargetDependency section */
		21803E962DCCDB2B00522CF4 /* PBXTargetDependency */ = {
			isa = PBXTargetDependency;
			target = 21803E852DCCDB2A00522CF4 /* contextmenu */;
			targetProxy = 21803E952DCCDB2B00522CF4 /* PBXContainerItemProxy */;
		};
		21803EA02DCCDB2B00522CF4 /* PBXTargetDependency */ = {
			isa = PBXTargetDependency;
			target = 21803E852DCCDB2A00522CF4 /* contextmenu */;
			targetProxy = 21803E9F2DCCDB2B00522CF4 /* PBXContainerItemProxy */;
		};
		21803EBC2DCCDBFB00522CF4 /* PBXTargetDependency */ = {
			isa = PBXTargetDependency;
			target = 21803EB42DCCDBFB00522CF4 /* FinderSyncExtension */;
			targetProxy = 21803EBB2DCCDBFB00522CF4 /* PBXContainerItemProxy */;
		};
		21E37C082DF8669300D675E4 /* PBXTargetDependency */ = {
			isa = PBXTargetDependency;
			productRef = 21E37C072DF8669300D675E4 /* GRPCProtobufGenerator */;
		};
		21FD90392DD5BD8D00C9426B /* PBXTargetDependency */ = {
			isa = PBXTargetDependency;
			productRef = 21FD90382DD5BD8D00C9426B /* GRPCProtobufGenerator */;
		};
/* End PBXTargetDependency section */

/* Begin XCBuildConfiguration section */
		21803EA62DCCDB2B00522CF4 /* Debug */ = {
			isa = XCBuildConfiguration;
			buildSettings = {
				ALWAYS_SEARCH_USER_PATHS = NO;
				ASSETCATALOG_COMPILER_GENERATE_SWIFT_ASSET_SYMBOL_EXTENSIONS = YES;
				CLANG_ANALYZER_NONNULL = YES;
				CLANG_ANALYZER_NUMBER_OBJECT_CONVERSION = YES_AGGRESSIVE;
				CLANG_CXX_LANGUAGE_STANDARD = "gnu++20";
				CLANG_ENABLE_MODULES = YES;
				CLANG_ENABLE_OBJC_ARC = YES;
				CLANG_ENABLE_OBJC_WEAK = YES;
				CLANG_WARN_BLOCK_CAPTURE_AUTORELEASING = YES;
				CLANG_WARN_BOOL_CONVERSION = YES;
				CLANG_WARN_COMMA = YES;
				CLANG_WARN_CONSTANT_CONVERSION = YES;
				CLANG_WARN_DEPRECATED_OBJC_IMPLEMENTATIONS = YES;
				CLANG_WARN_DIRECT_OBJC_ISA_USAGE = YES_ERROR;
				CLANG_WARN_DOCUMENTATION_COMMENTS = YES;
				CLANG_WARN_EMPTY_BODY = YES;
				CLANG_WARN_ENUM_CONVERSION = YES;
				CLANG_WARN_INFINITE_RECURSION = YES;
				CLANG_WARN_INT_CONVERSION = YES;
				CLANG_WARN_NON_LITERAL_NULL_CONVERSION = YES;
				CLANG_WARN_OBJC_IMPLICIT_RETAIN_SELF = YES;
				CLANG_WARN_OBJC_LITERAL_CONVERSION = YES;
				CLANG_WARN_OBJC_ROOT_CLASS = YES_ERROR;
				CLANG_WARN_QUOTED_INCLUDE_IN_FRAMEWORK_HEADER = YES;
				CLANG_WARN_RANGE_LOOP_ANALYSIS = YES;
				CLANG_WARN_STRICT_PROTOTYPES = YES;
				CLANG_WARN_SUSPICIOUS_MOVE = YES;
				CLANG_WARN_UNGUARDED_AVAILABILITY = YES_AGGRESSIVE;
				CLANG_WARN_UNREACHABLE_CODE = YES;
				CLANG_WARN__DUPLICATE_METHOD_MATCH = YES;
				COPY_PHASE_STRIP = NO;
				DEBUG_INFORMATION_FORMAT = dwarf;
				DEVELOPMENT_TEAM = 7TB7FK5Q5U;
				ENABLE_STRICT_OBJC_MSGSEND = YES;
				ENABLE_TESTABILITY = YES;
				ENABLE_USER_SCRIPT_SANDBOXING = YES;
				GCC_C_LANGUAGE_STANDARD = gnu17;
				GCC_DYNAMIC_NO_PIC = NO;
				GCC_NO_COMMON_BLOCKS = YES;
				GCC_OPTIMIZATION_LEVEL = 0;
				GCC_PREPROCESSOR_DEFINITIONS = (
					"DEBUG=1",
					"$(inherited)",
				);
				GCC_WARN_64_TO_32_BIT_CONVERSION = YES;
				GCC_WARN_ABOUT_RETURN_TYPE = YES_ERROR;
				GCC_WARN_UNDECLARED_SELECTOR = YES;
				GCC_WARN_UNINITIALIZED_AUTOS = YES_AGGRESSIVE;
				GCC_WARN_UNUSED_FUNCTION = YES;
				GCC_WARN_UNUSED_VARIABLE = YES;
				LOCALIZATION_PREFERS_STRING_CATALOGS = YES;
				MACH_O_TYPE = mh_execute;
				MACOSX_DEPLOYMENT_TARGET = 15.4;
				MTL_ENABLE_DEBUG_INFO = INCLUDE_SOURCE;
				MTL_FAST_MATH = YES;
				ONLY_ACTIVE_ARCH = YES;
				SDKROOT = macosx;
				SWIFT_ACTIVE_COMPILATION_CONDITIONS = "DEBUG $(inherited)";
				SWIFT_OPTIMIZATION_LEVEL = "-Onone";
			};
			name = Debug;
		};
		21803EA72DCCDB2B00522CF4 /* Release */ = {
			isa = XCBuildConfiguration;
			buildSettings = {
				ALWAYS_SEARCH_USER_PATHS = NO;
				ASSETCATALOG_COMPILER_GENERATE_SWIFT_ASSET_SYMBOL_EXTENSIONS = YES;
				CLANG_ANALYZER_NONNULL = YES;
				CLANG_ANALYZER_NUMBER_OBJECT_CONVERSION = YES_AGGRESSIVE;
				CLANG_CXX_LANGUAGE_STANDARD = "gnu++20";
				CLANG_ENABLE_MODULES = YES;
				CLANG_ENABLE_OBJC_ARC = YES;
				CLANG_ENABLE_OBJC_WEAK = YES;
				CLANG_WARN_BLOCK_CAPTURE_AUTORELEASING = YES;
				CLANG_WARN_BOOL_CONVERSION = YES;
				CLANG_WARN_COMMA = YES;
				CLANG_WARN_CONSTANT_CONVERSION = YES;
				CLANG_WARN_DEPRECATED_OBJC_IMPLEMENTATIONS = YES;
				CLANG_WARN_DIRECT_OBJC_ISA_USAGE = YES_ERROR;
				CLANG_WARN_DOCUMENTATION_COMMENTS = YES;
				CLANG_WARN_EMPTY_BODY = YES;
				CLANG_WARN_ENUM_CONVERSION = YES;
				CLANG_WARN_INFINITE_RECURSION = YES;
				CLANG_WARN_INT_CONVERSION = YES;
				CLANG_WARN_NON_LITERAL_NULL_CONVERSION = YES;
				CLANG_WARN_OBJC_IMPLICIT_RETAIN_SELF = YES;
				CLANG_WARN_OBJC_LITERAL_CONVERSION = YES;
				CLANG_WARN_OBJC_ROOT_CLASS = YES_ERROR;
				CLANG_WARN_QUOTED_INCLUDE_IN_FRAMEWORK_HEADER = YES;
				CLANG_WARN_RANGE_LOOP_ANALYSIS = YES;
				CLANG_WARN_STRICT_PROTOTYPES = YES;
				CLANG_WARN_SUSPICIOUS_MOVE = YES;
				CLANG_WARN_UNGUARDED_AVAILABILITY = YES_AGGRESSIVE;
				CLANG_WARN_UNREACHABLE_CODE = YES;
				CLANG_WARN__DUPLICATE_METHOD_MATCH = YES;
				COPY_PHASE_STRIP = NO;
				DEBUG_INFORMATION_FORMAT = "dwarf-with-dsym";
				DEVELOPMENT_TEAM = 7TB7FK5Q5U;
				ENABLE_NS_ASSERTIONS = NO;
				ENABLE_STRICT_OBJC_MSGSEND = YES;
				ENABLE_USER_SCRIPT_SANDBOXING = YES;
				GCC_C_LANGUAGE_STANDARD = gnu17;
				GCC_NO_COMMON_BLOCKS = YES;
				GCC_WARN_64_TO_32_BIT_CONVERSION = YES;
				GCC_WARN_ABOUT_RETURN_TYPE = YES_ERROR;
				GCC_WARN_UNDECLARED_SELECTOR = YES;
				GCC_WARN_UNINITIALIZED_AUTOS = YES_AGGRESSIVE;
				GCC_WARN_UNUSED_FUNCTION = YES;
				GCC_WARN_UNUSED_VARIABLE = YES;
				LOCALIZATION_PREFERS_STRING_CATALOGS = YES;
				MACH_O_TYPE = mh_execute;
				MACOSX_DEPLOYMENT_TARGET = 15.4;
				MTL_ENABLE_DEBUG_INFO = NO;
				MTL_FAST_MATH = YES;
				SDKROOT = macosx;
				SWIFT_COMPILATION_MODE = wholemodule;
			};
			name = Release;
		};
		21803EA92DCCDB2B00522CF4 /* Debug */ = {
			isa = XCBuildConfiguration;
			buildSettings = {
				ASSETCATALOG_COMPILER_APPICON_NAME = AppIcon;
				ASSETCATALOG_COMPILER_GLOBAL_ACCENT_COLOR_NAME = AccentColor;
				CODE_SIGN_ENTITLEMENTS = contextmenu/contextmenu.entitlements;
				"CODE_SIGN_IDENTITY[sdk=macosx*]" = "-";
				CODE_SIGN_STYLE = Automatic;
				COMBINE_HIDPI_IMAGES = YES;
				CURRENT_PROJECT_VERSION = 1;
				DEVELOPMENT_TEAM = "";
				ENABLE_HARDENED_RUNTIME = YES;
				ENABLE_PREVIEWS = YES;
				GENERATE_INFOPLIST_FILE = YES;
				INFOPLIST_KEY_NSHumanReadableCopyright = "";
				LD_RUNPATH_SEARCH_PATHS = (
					"$(inherited)",
					"@executable_path/../Frameworks",
				);
				MARKETING_VERSION = 1.0;
				PRODUCT_BUNDLE_IDENTIFIER = io.f1r3fly.f1r3drive.contextmenu;
				PRODUCT_NAME = "$(TARGET_NAME)";
				REGISTER_APP_GROUPS = YES;
				SWIFT_EMIT_LOC_STRINGS = YES;
				SWIFT_VERSION = 5.0;
			};
			name = Debug;
		};
		21803EAA2DCCDB2B00522CF4 /* Release */ = {
			isa = XCBuildConfiguration;
			buildSettings = {
				ASSETCATALOG_COMPILER_APPICON_NAME = AppIcon;
				ASSETCATALOG_COMPILER_GLOBAL_ACCENT_COLOR_NAME = AccentColor;
				CODE_SIGN_ENTITLEMENTS = contextmenu/contextmenu.entitlements;
				"CODE_SIGN_IDENTITY[sdk=macosx*]" = "-";
				CODE_SIGN_STYLE = Automatic;
				COMBINE_HIDPI_IMAGES = YES;
				CURRENT_PROJECT_VERSION = 1;
				DEVELOPMENT_TEAM = "";
				ENABLE_HARDENED_RUNTIME = YES;
				ENABLE_PREVIEWS = YES;
				GENERATE_INFOPLIST_FILE = YES;
				INFOPLIST_KEY_NSHumanReadableCopyright = "";
				LD_RUNPATH_SEARCH_PATHS = (
					"$(inherited)",
					"@executable_path/../Frameworks",
				);
				MARKETING_VERSION = 1.0;
				PRODUCT_BUNDLE_IDENTIFIER = io.f1r3fly.f1r3drive.contextmenu;
				PRODUCT_NAME = "$(TARGET_NAME)";
				REGISTER_APP_GROUPS = YES;
				SWIFT_EMIT_LOC_STRINGS = YES;
				SWIFT_VERSION = 5.0;
			};
			name = Release;
		};
		21803EAC2DCCDB2B00522CF4 /* Debug */ = {
			isa = XCBuildConfiguration;
			buildSettings = {
				BUNDLE_LOADER = "$(TEST_HOST)";
				CODE_SIGN_STYLE = Automatic;
				CURRENT_PROJECT_VERSION = 1;
				DEVELOPMENT_TEAM = 7TB7FK5Q5U;
				GENERATE_INFOPLIST_FILE = YES;
				MACOSX_DEPLOYMENT_TARGET = 15.4;
				MARKETING_VERSION = 1.0;
				ONLY_ACTIVE_ARCH = YES;
				PRODUCT_BUNDLE_IDENTIFIER = io.f1r3fly.f1r3drive.contextmenuTests;
				PRODUCT_NAME = "$(TARGET_NAME)";
				SWIFT_EMIT_LOC_STRINGS = NO;
				SWIFT_VERSION = 5.0;
				TEST_HOST = "$(BUILT_PRODUCTS_DIR)/contextmenu.app/$(BUNDLE_EXECUTABLE_FOLDER_PATH)/contextmenu";
			};
			name = Debug;
		};
		21803EAD2DCCDB2B00522CF4 /* Release */ = {
			isa = XCBuildConfiguration;
			buildSettings = {
				BUNDLE_LOADER = "$(TEST_HOST)";
				CODE_SIGN_STYLE = Automatic;
				CURRENT_PROJECT_VERSION = 1;
				DEVELOPMENT_TEAM = 7TB7FK5Q5U;
				GENERATE_INFOPLIST_FILE = YES;
				MACOSX_DEPLOYMENT_TARGET = 15.4;
				MARKETING_VERSION = 1.0;
				PRODUCT_BUNDLE_IDENTIFIER = io.f1r3fly.f1r3drive.contextmenuTests;
				PRODUCT_NAME = "$(TARGET_NAME)";
				SWIFT_EMIT_LOC_STRINGS = NO;
				SWIFT_VERSION = 5.0;
				TEST_HOST = "$(BUILT_PRODUCTS_DIR)/contextmenu.app/$(BUNDLE_EXECUTABLE_FOLDER_PATH)/contextmenu";
			};
			name = Release;
		};
		21803EAF2DCCDB2B00522CF4 /* Debug */ = {
			isa = XCBuildConfiguration;
			buildSettings = {
				CODE_SIGN_STYLE = Automatic;
				CURRENT_PROJECT_VERSION = 1;
				DEVELOPMENT_TEAM = 7TB7FK5Q5U;
				GENERATE_INFOPLIST_FILE = YES;
				MARKETING_VERSION = 1.0;
				PRODUCT_BUNDLE_IDENTIFIER = io.f1r3fly.f1r3drive.contextmenuUITests;
				PRODUCT_NAME = "$(TARGET_NAME)";
				SWIFT_EMIT_LOC_STRINGS = NO;
				SWIFT_VERSION = 5.0;
				TEST_TARGET_NAME = contextmenu;
			};
			name = Debug;
		};
		21803EB02DCCDB2B00522CF4 /* Release */ = {
			isa = XCBuildConfiguration;
			buildSettings = {
				CODE_SIGN_STYLE = Automatic;
				CURRENT_PROJECT_VERSION = 1;
				DEVELOPMENT_TEAM = 7TB7FK5Q5U;
				GENERATE_INFOPLIST_FILE = YES;
				MARKETING_VERSION = 1.0;
				PRODUCT_BUNDLE_IDENTIFIER = io.f1r3fly.f1r3drive.contextmenuUITests;
				PRODUCT_NAME = "$(TARGET_NAME)";
				SWIFT_EMIT_LOC_STRINGS = NO;
				SWIFT_VERSION = 5.0;
				TEST_TARGET_NAME = contextmenu;
			};
			name = Release;
		};
		21803EC02DCCDBFB00522CF4 /* Debug */ = {
			isa = XCBuildConfiguration;
			buildSettings = {
				CODE_SIGN_ENTITLEMENTS = FinderSyncExtension/FinderSyncExtension.entitlements;
				CODE_SIGN_STYLE = Automatic;
				COMBINE_HIDPI_IMAGES = YES;
				CURRENT_PROJECT_VERSION = 1;
				DEVELOPMENT_TEAM = "";
				ENABLE_HARDENED_RUNTIME = YES;
				GENERATE_INFOPLIST_FILE = YES;
				INFOPLIST_FILE = FinderSyncExtension/Info.plist;
				INFOPLIST_KEY_CFBundleDisplayName = FinderSyncExtension;
				INFOPLIST_KEY_NSHumanReadableCopyright = "";
				LD_RUNPATH_SEARCH_PATHS = (
					"$(inherited)",
					"@executable_path/../Frameworks",
					"@executable_path/../../../../Frameworks",
				);
				MARKETING_VERSION = 1.0;
				PRODUCT_BUNDLE_IDENTIFIER = io.f1r3fly.f1r3drive.contextmenu.FinderSyncExtension;
				PRODUCT_NAME = "$(TARGET_NAME)";
				SKIP_INSTALL = YES;
				SWIFT_EMIT_LOC_STRINGS = YES;
				SWIFT_VERSION = 5.0;
			};
			name = Debug;
		};
		21803EC12DCCDBFB00522CF4 /* Release */ = {
			isa = XCBuildConfiguration;
			buildSettings = {
				CODE_SIGN_ENTITLEMENTS = FinderSyncExtension/FinderSyncExtension.entitlements;
				CODE_SIGN_STYLE = Automatic;
				COMBINE_HIDPI_IMAGES = YES;
				CURRENT_PROJECT_VERSION = 1;
				DEVELOPMENT_TEAM = "";
				ENABLE_HARDENED_RUNTIME = YES;
				GENERATE_INFOPLIST_FILE = YES;
				INFOPLIST_FILE = FinderSyncExtension/Info.plist;
				INFOPLIST_KEY_CFBundleDisplayName = FinderSyncExtension;
				INFOPLIST_KEY_NSHumanReadableCopyright = "";
				LD_RUNPATH_SEARCH_PATHS = (
					"$(inherited)",
					"@executable_path/../Frameworks",
					"@executable_path/../../../../Frameworks",
				);
				MARKETING_VERSION = 1.0;
				PRODUCT_BUNDLE_IDENTIFIER = io.f1r3fly.f1r3drive.contextmenu.FinderSyncExtension;
				PRODUCT_NAME = "$(TARGET_NAME)";
				SKIP_INSTALL = YES;
				SWIFT_EMIT_LOC_STRINGS = YES;
				SWIFT_VERSION = 5.0;
			};
			name = Release;
		};
		2198B3C92DE5DA2E00964B06 /* Debug */ = {
			isa = XCBuildConfiguration;
			buildSettings = {
				ASSETCATALOG_COMPILER_APPICON_NAME = AppIcon;
				ASSETCATALOG_COMPILER_GLOBAL_ACCENT_COLOR_NAME = AccentColor;
				CODE_SIGN_ENTITLEMENTS = RevFolderUnlockerApp/RevFolderUnlockerApp.entitlements;
				"CODE_SIGN_IDENTITY[sdk=macosx*]" = "Apple Development";
				CODE_SIGN_STYLE = Automatic;
				COMBINE_HIDPI_IMAGES = YES;
				CURRENT_PROJECT_VERSION = 1;
				DEVELOPMENT_TEAM = 7TB7FK5Q5U;
				ENABLE_HARDENED_RUNTIME = YES;
				ENABLE_PREVIEWS = YES;
				GENERATE_INFOPLIST_FILE = NO;
				INFOPLIST_FILE = RevFolderUnlockerApp/Info.plist;
				INFOPLIST_KEY_NSHumanReadableCopyright = "";
				LD_RUNPATH_SEARCH_PATHS = (
					"$(inherited)",
					"@executable_path/../Frameworks",
				);
				MARKETING_VERSION = 1.0;
				PRODUCT_BUNDLE_IDENTIFIER = io.f1r3fly.f1r3drive.RevFolderUnlockerApp;
				PRODUCT_NAME = "$(TARGET_NAME)";
				REGISTER_APP_GROUPS = YES;
				SWIFT_EMIT_LOC_STRINGS = YES;
				SWIFT_VERSION = 5.0;
			};
			name = Debug;
		};
		2198B3CA2DE5DA2E00964B06 /* Release */ = {
			isa = XCBuildConfiguration;
			buildSettings = {
				ASSETCATALOG_COMPILER_APPICON_NAME = AppIcon;
				ASSETCATALOG_COMPILER_GLOBAL_ACCENT_COLOR_NAME = AccentColor;
				CODE_SIGN_ENTITLEMENTS = RevFolderUnlockerApp/RevFolderUnlockerApp.entitlements;
				"CODE_SIGN_IDENTITY[sdk=macosx*]" = "Apple Development";
				CODE_SIGN_STYLE = Automatic;
				COMBINE_HIDPI_IMAGES = YES;
				CURRENT_PROJECT_VERSION = 1;
				DEVELOPMENT_TEAM = 7TB7FK5Q5U;
				ENABLE_HARDENED_RUNTIME = YES;
				ENABLE_PREVIEWS = YES;
				GENERATE_INFOPLIST_FILE = NO;
				INFOPLIST_FILE = RevFolderUnlockerApp/Info.plist;
				INFOPLIST_KEY_NSHumanReadableCopyright = "";
				LD_RUNPATH_SEARCH_PATHS = (
					"$(inherited)",
					"@executable_path/../Frameworks",
				);
				MARKETING_VERSION = 1.0;
				PRODUCT_BUNDLE_IDENTIFIER = io.f1r3fly.f1r3drive.RevFolderUnlockerApp;
				PRODUCT_NAME = "$(TARGET_NAME)";
				REGISTER_APP_GROUPS = YES;
				SWIFT_EMIT_LOC_STRINGS = YES;
				SWIFT_VERSION = 5.0;
			};
			name = Release;
		};
/* End XCBuildConfiguration section */

/* Begin XCConfigurationList section */
		21803E812DCCDB2A00522CF4 /* Build configuration list for PBXProject "F1r3driveExtensions" */ = {
			isa = XCConfigurationList;
			buildConfigurations = (
				21803EA62DCCDB2B00522CF4 /* Debug */,
				21803EA72DCCDB2B00522CF4 /* Release */,
			);
			defaultConfigurationIsVisible = 0;
			defaultConfigurationName = Release;
		};
		21803EA82DCCDB2B00522CF4 /* Build configuration list for PBXNativeTarget "contextmenu" */ = {
			isa = XCConfigurationList;
			buildConfigurations = (
				21803EA92DCCDB2B00522CF4 /* Debug */,
				21803EAA2DCCDB2B00522CF4 /* Release */,
			);
			defaultConfigurationIsVisible = 0;
			defaultConfigurationName = Release;
		};
		21803EAB2DCCDB2B00522CF4 /* Build configuration list for PBXNativeTarget "contextmenuTests" */ = {
			isa = XCConfigurationList;
			buildConfigurations = (
				21803EAC2DCCDB2B00522CF4 /* Debug */,
				21803EAD2DCCDB2B00522CF4 /* Release */,
			);
			defaultConfigurationIsVisible = 0;
			defaultConfigurationName = Release;
		};
		21803EAE2DCCDB2B00522CF4 /* Build configuration list for PBXNativeTarget "contextmenuUITests" */ = {
			isa = XCConfigurationList;
			buildConfigurations = (
				21803EAF2DCCDB2B00522CF4 /* Debug */,
				21803EB02DCCDB2B00522CF4 /* Release */,
			);
			defaultConfigurationIsVisible = 0;
			defaultConfigurationName = Release;
		};
		21803EBF2DCCDBFB00522CF4 /* Build configuration list for PBXNativeTarget "FinderSyncExtension" */ = {
			isa = XCConfigurationList;
			buildConfigurations = (
				21803EC02DCCDBFB00522CF4 /* Debug */,
				21803EC12DCCDBFB00522CF4 /* Release */,
			);
			defaultConfigurationIsVisible = 0;
			defaultConfigurationName = Release;
		};
		2198B3C82DE5DA2E00964B06 /* Build configuration list for PBXNativeTarget "RevFolderUnlockerApp" */ = {
			isa = XCConfigurationList;
			buildConfigurations = (
				2198B3C92DE5DA2E00964B06 /* Debug */,
				2198B3CA2DE5DA2E00964B06 /* Release */,
			);
			defaultConfigurationIsVisible = 0;
			defaultConfigurationName = Release;
		};
/* End XCConfigurationList section */

/* Begin XCRemoteSwiftPackageReference section */
		2145A50B2DDF567A0058E20A /* XCRemoteSwiftPackageReference "swift-nio" */ = {
			isa = XCRemoteSwiftPackageReference;
			repositoryURL = "https://github.com/apple/swift-nio.git";
			requirement = {
				kind = upToNextMajorVersion;
				minimumVersion = 2.83.0;
			};
		};
		2145A5122DDF56C40058E20A /* XCRemoteSwiftPackageReference "grpc-swift-nio-transport" */ = {
			isa = XCRemoteSwiftPackageReference;
			repositoryURL = "https://github.com/grpc/grpc-swift-nio-transport.git";
			requirement = {
				kind = upToNextMajorVersion;
				minimumVersion = 1.2.1;
			};
		};
		21F175612DD4857E00B03A75 /* XCRemoteSwiftPackageReference "grpc-swift" */ = {
			isa = XCRemoteSwiftPackageReference;
			repositoryURL = "https://github.com/grpc/grpc-swift.git";
			requirement = {
				kind = upToNextMajorVersion;
				minimumVersion = 2.2.0;
			};
		};
		21FD902A2DD4FF2B00C9426B /* XCRemoteSwiftPackageReference "grpc-swift-protobuf" */ = {
			isa = XCRemoteSwiftPackageReference;
			repositoryURL = "https://github.com/grpc/grpc-swift-protobuf.git";
			requirement = {
				kind = upToNextMajorVersion;
				minimumVersion = 1.2.0;
			};
		};
/* End XCRemoteSwiftPackageReference section */

/* Begin XCSwiftPackageProductDependency section */
		2145A5032DDF563C0058E20A /* GRPCCore */ = {
			isa = XCSwiftPackageProductDependency;
			package = 21F175612DD4857E00B03A75 /* XCRemoteSwiftPackageReference "grpc-swift" */;
			productName = GRPCCore;
		};
		2145A50C2DDF567A0058E20A /* NIO */ = {
			isa = XCSwiftPackageProductDependency;
			package = 2145A50B2DDF567A0058E20A /* XCRemoteSwiftPackageReference "swift-nio" */;
			productName = NIO;
		};
		2145A5132DDF56C40058E20A /* GRPCNIOTransportHTTP2 */ = {
			isa = XCSwiftPackageProductDependency;
			package = 2145A5122DDF56C40058E20A /* XCRemoteSwiftPackageReference "grpc-swift-nio-transport" */;
			productName = GRPCNIOTransportHTTP2;
		};
		2145A5192DDF570C0058E20A /* GRPCProtobuf */ = {
			isa = XCSwiftPackageProductDependency;
			package = 21FD902A2DD4FF2B00C9426B /* XCRemoteSwiftPackageReference "grpc-swift-protobuf" */;
			productName = GRPCProtobuf;
		};
		2145A5212DDF592C0058E20A /* GRPCInProcessTransport */ = {
			isa = XCSwiftPackageProductDependency;
			package = 21F175612DD4857E00B03A75 /* XCRemoteSwiftPackageReference "grpc-swift" */;
			productName = GRPCInProcessTransport;
		};
		2145A5292DDF599D0058E20A /* GRPCCodeGen */ = {
			isa = XCSwiftPackageProductDependency;
			package = 21F175612DD4857E00B03A75 /* XCRemoteSwiftPackageReference "grpc-swift" */;
			productName = GRPCCodeGen;
		};
		21E37BFB2DF8664800D675E4 /* GRPCCodeGen */ = {
			isa = XCSwiftPackageProductDependency;
			package = 21F175612DD4857E00B03A75 /* XCRemoteSwiftPackageReference "grpc-swift" */;
			productName = GRPCCodeGen;
		};
		21E37BFD2DF8664800D675E4 /* GRPCCore */ = {
			isa = XCSwiftPackageProductDependency;
			package = 21F175612DD4857E00B03A75 /* XCRemoteSwiftPackageReference "grpc-swift" */;
			productName = GRPCCore;
		};
		21E37BFF2DF8664800D675E4 /* GRPCInProcessTransport */ = {
			isa = XCSwiftPackageProductDependency;
			package = 21F175612DD4857E00B03A75 /* XCRemoteSwiftPackageReference "grpc-swift" */;
			productName = GRPCInProcessTransport;
		};
		21E37C012DF8664800D675E4 /* GRPCProtobuf */ = {
			isa = XCSwiftPackageProductDependency;
			package = 21FD902A2DD4FF2B00C9426B /* XCRemoteSwiftPackageReference "grpc-swift-protobuf" */;
			productName = GRPCProtobuf;
		};
		21E37C032DF8664800D675E4 /* GRPCNIOTransportHTTP2 */ = {
			isa = XCSwiftPackageProductDependency;
			package = 2145A5122DDF56C40058E20A /* XCRemoteSwiftPackageReference "grpc-swift-nio-transport" */;
			productName = GRPCNIOTransportHTTP2;
		};
		21E37C052DF8665600D675E4 /* NIO */ = {
			isa = XCSwiftPackageProductDependency;
			package = 2145A50B2DDF567A0058E20A /* XCRemoteSwiftPackageReference "swift-nio" */;
			productName = NIO;
		};
		21E37C072DF8669300D675E4 /* GRPCProtobufGenerator */ = {
			isa = XCSwiftPackageProductDependency;
			package = 21FD902A2DD4FF2B00C9426B /* XCRemoteSwiftPackageReference "grpc-swift-protobuf" */;
			productName = "plugin:GRPCProtobufGenerator";
		};
		21FD90382DD5BD8D00C9426B /* GRPCProtobufGenerator */ = {
			isa = XCSwiftPackageProductDependency;
			package = 21FD902A2DD4FF2B00C9426B /* XCRemoteSwiftPackageReference "grpc-swift-protobuf" */;
			productName = "plugin:GRPCProtobufGenerator";
		};
/* End XCSwiftPackageProductDependency section */
	};
	rootObject = 21803E7E2DCCDB2A00522CF4 /* Project object */;
}
